lockfileVersion: '9.0'

settings:
  autoInstallPeers: true
  excludeLinksFromLockfile: false

importers:

  .:
    dependencies:
      '@inquirer/prompts':
        specifier: ^5.1.0
        version: 5.1.0
      commander:
        specifier: ^12.1.0
        version: 12.1.0

packages:

  '@inquirer/checkbox@2.3.8':
    resolution: {integrity: sha512-r6q3ViCa80EjBBCduaaiAlNwYtVX3MfFSqwvLOvBBVzGRve7jgghXnP8o+iAcTA564YGRyXDpcAKTIRRZj9m8g==}
    engines: {node: '>=18'}

  '@inquirer/confirm@3.1.12':
    resolution: {integrity: sha512-s5Sod79QsBBi5Qm7zxCq9DcAD0i7WRcjd/LzsiIAWqWZKW4+OJTGrCgVSLGIHTulwbZgdxM4AAxpCXe86hv4/Q==}
    engines: {node: '>=18'}

  '@inquirer/core@9.0.0':
    resolution: {integrity: sha512-y3q+fkCTGmvwk9Wf6yZlI3QGlLXbEm5M7Y7Eh8abaUbv+ffvmw2aB4FxSUrWaoaozwvEJSG60raHbCaUorXEzA==}
    engines: {node: '>=18'}

  '@inquirer/editor@2.1.12':
    resolution: {integrity: sha512-rKd/mOkLlqVqQqQihgD6KM8FqRYRcgF1Y0oiYI8BYUk/KJOit7noWxsydJFQoHfrSU6mrpDtc6a+6wcVYH/V6A==}
    engines: {node: '>=18'}

  '@inquirer/expand@2.1.12':
    resolution: {integrity: sha512-Q3pG0TD0Ra4hhlKcgXEJf8FACp70F2mW6NXXIbsIEDLKDdiihlAc4Y98RnsME9b0zwqbBMYlUrGJ/bYgXt3cIw==}
    engines: {node: '>=18'}

  '@inquirer/figures@1.0.3':
    resolution: {integrity: sha512-ErXXzENMH5pJt5/ssXV0DfWUZqly8nGzf0UcBV9xTnP+KyffE2mqyxIMBrZ8ijQck2nU0TQm40EQB53YreyWHw==}
    engines: {node: '>=18'}

  '@inquirer/input@2.1.12':
    resolution: {integrity: sha512-buCMz8eVevE+TGEriC4hG6w1jaf4jDHUb7qcIVAgUG8BydtHw8YRkgwtcbxVaKBd9CvMLzF607fyZnMtEteDPg==}
    engines: {node: '>=18'}

  '@inquirer/number@1.0.0':
    resolution: {integrity: sha512-CFQVgqXDi5Yd+BZMLPZN8wO85t0THoK1eDLlBY1wkRuUdxb87Umz4BkVcK9LVM9rTa9bzUSVgJ91waeo6ACp3Q==}
    engines: {node: '>=18'}

  '@inquirer/password@2.1.12':
    resolution: {integrity: sha512-nXGVXOlEAqDXqggy5Vk1eQuSya7HOffQTFzBpCUg9PT5vhIsgApRp6jRqAn7creWkkn9on+mZfezGLVolCOerw==}
    engines: {node: '>=18'}

  '@inquirer/prompts@5.1.0':
    resolution: {integrity: sha512-3rEwrBnGT9opMCiA3Lij98kH5E+JuXAVLYKlXnlK1qIWDvx7tIfypF+z1oK6m61HZ5NHGPF3HtjhVga80DR1PA==}
    engines: {node: '>=18'}

  '@inquirer/rawlist@2.1.12':
    resolution: {integrity: sha512-avwuYZp4R69BtDTpb93hAR+Zk5QKBhZYEf59IhVlW6oYTAztA80vW5m9heh+D4tv58Xy41qbVKbCF7tVl/WNpA==}
    engines: {node: '>=18'}

  '@inquirer/select@2.3.8':
    resolution: {integrity: sha512-x4gJq9OVw8i0K03V3tJwTt2svz4J7ghqEhXaFBprRTnmbYJwQZRnnLf3PFBg+fWOti7b7fD0Oc4SLXqGeQLByg==}
    engines: {node: '>=18'}

  '@inquirer/type@1.4.0':
    resolution: {integrity: sha512-AjOqykVyjdJQvtfkNDGUyMYGF8xN50VUxftCQWsOyIo4DFRLr6VQhW0VItGI1JIyQGCGgIpKa7hMMwNhZb4OIw==}
    engines: {node: '>=18'}

  '@types/mute-stream@0.0.4':
    resolution: {integrity: sha512-CPM9nzrCPPJHQNA9keH9CVkVI+WR5kMa+7XEs5jcGQ0VoAGnLv242w8lIVgwAEfmE4oufJRaTc9PNLQl0ioAow==}

  '@types/node@20.14.9':
    resolution: {integrity: sha512-06OCtnTXtWOZBJlRApleWndH4JsRVs1pDCc8dLSQp+7PpUpX3ePdHyeNSFTeSe7FtKyQkrlPvHwJOW3SLd8Oyg==}

  '@types/wrap-ansi@3.0.0':
    resolution: {integrity: sha512-ltIpx+kM7g/MLRZfkbL7EsCEjfzCcScLpkg37eXEtx5kmrAKBkTJwd1GIAjDSL8wTpM6Hzn5YO4pSb91BEwu1g==}

  ansi-escapes@4.3.2:
    resolution: {integrity: sha512-gKXj5ALrKWQLsYG9jlTRmR/xKluxHV+Z9QEwNIgCfM1/uwPMCuzVVnh5mwTd+OuBZcwSIMbqssNWRm1lE51QaQ==}
    engines: {node: '>=8'}

  ansi-regex@5.0.1:
    resolution: {integrity: sha512-quJQXlTSUGL2LH9SUXo8VwsY4soanhgo6LNSm84E1LBcE8s3O0wpdiRzyR9z/ZZJMlMWv37qOOb9pdJlMUEKFQ==}
    engines: {node: '>=8'}

  ansi-styles@4.3.0:
    resolution: {integrity: sha512-zbB9rCJAT1rbjiVDb2hqKFHNYLxgtk8NURxZ3IZwD3F6NtxbXZQCnnSi1Lkx+IDohdPlFp222wVALIheZJQSEg==}
    engines: {node: '>=8'}

  chardet@0.7.0:
    resolution: {integrity: sha512-mT8iDcrh03qDGRRmoA2hmBJnxpllMR+0/0qlzjqZES6NdiWDcZkCNAk4rPFZ9Q85r27unkiNNg8ZOiwZXBHwcA==}

  cli-spinners@2.9.2:
    resolution: {integrity: sha512-ywqV+5MmyL4E7ybXgKys4DugZbX0FC6LnwrhjuykIjnK9k8OQacQ7axGKnjDXWNhns0xot3bZI5h55H8yo9cJg==}
    engines: {node: '>=6'}

  cli-width@4.1.0:
    resolution: {integrity: sha512-ouuZd4/dm2Sw5Gmqy6bGyNNNe1qt9RpmxveLSO7KcgsTnU7RXfsw+/bukWGo1abgBiMAic068rclZsO4IWmmxQ==}
    engines: {node: '>= 12'}

  color-convert@2.0.1:
    resolution: {integrity: sha512-RRECPsj7iu/xb5oKYcsFHSppFNnsj/52OVTRKb4zP5onXwVF3zVmmToNcOfGC+CRDpfK/U584fMg38ZHCaElKQ==}
    engines: {node: '>=7.0.0'}

  color-name@1.1.4:
    resolution: {integrity: sha512-dOy+3AuW3a2wNbZHIuMZpTcgjGuLU/uBL/ubcZF9OXbDo8ff4O8yVp5Bf0efS8uEoYo5q4Fx7dY9OgQGXgAsQA==}

  commander@12.1.0:
    resolution: {integrity: sha512-Vw8qHK3bZM9y/P10u3Vib8o/DdkvA2OtPtZvD871QKjy74Wj1WSKFILMPRPSdUSx5RFK1arlJzEtA4PkFgnbuA==}
    engines: {node: '>=18'}

  emoji-regex@8.0.0:
    resolution: {integrity: sha512-MSjYzcWNOA0ewAHpz0MxpYFvwg6yjy1NG3xteoqz644VCo/RPgnr1/GGt+ic3iJTzQ8Eu3TdM14SawnVUmGE6A==}

  external-editor@3.1.0:
    resolution: {integrity: sha512-hMQ4CX1p1izmuLYyZqLMO/qGNw10wSv9QDCPfzXfyFrOaCSSoRfqE1Kf1s5an66J5JZC62NewG+mK49jOCtQew==}
    engines: {node: '>=4'}

  iconv-lite@0.4.24:
    resolution: {integrity: sha512-v3MXnZAcvnywkTUEZomIActle7RXXeedOR31wwl7VlyoXO4Qi9arvSenNQWne1TcRwhCL1HwLI21bEqdpj8/rA==}
    engines: {node: '>=0.10.0'}

  is-fullwidth-code-point@3.0.0:
    resolution: {integrity: sha512-zymm5+u+sCsSWyD9qNaejV3DFvhCKclKdizYaJUuHA83RLjb7nSuGnddCHGv0hk+KY7BMAlsWeK4Ueg6EV6XQg==}
    engines: {node: '>=8'}

  mute-stream@1.0.0:
    resolution: {integrity: sha512-avsJQhyd+680gKXyG/sQc0nXaC6rBkPOfyHYcFb9+hdkqQkR9bdnkJ0AMZhke0oesPqIO+mFFJ+IdBc7mst4IA==}
    engines: {node: ^14.17.0 || ^16.13.0 || >=18.0.0}

  os-tmpdir@1.0.2:
    resolution: {integrity: sha512-D2FR03Vir7FIu45XBY20mTb+/ZSWB00sjU9jdQXt83gDrI4Ztz5Fs7/yy74g2N5SVQY4xY1qDr4rNddwYRVX0g==}
    engines: {node: '>=0.10.0'}

  safer-buffer@2.1.2:
    resolution: {integrity: sha512-YZo3K82SD7Riyi0E1EQPojLz7kpepnSQI9IyPbHHg1XXXevb5dJI7tpyN2ADxGcQbHG7vcyRHk0cbwqcQriUtg==}

  signal-exit@4.1.0:
    resolution: {integrity: sha512-bzyZ1e88w9O1iNJbKnOlvYTrWPDl46O1bG0D3XInv+9tkPrxrN8jUUTiFlDkkmKWgn1M6CfIA13SuGqOa9Korw==}
    engines: {node: '>=14'}

  string-width@4.2.3:
    resolution: {integrity: sha512-wKyQRQpjJ0sIp62ErSZdGsjMJWsap5oRNihHhu6G7JVO/9jIB6UyevL+tXuOqrng8j/cxKTWyWUwvSTriiZz/g==}
    engines: {node: '>=8'}

  strip-ansi@6.0.1:
    resolution: {integrity: sha512-Y38VPSHcqkFrCpFnQ9vuSXmquuv5oXOKpGeT6aGrr3o3Gc9AlVa6JBfUSOCnbxGGZF+/0ooI7KrPuUSztUdU5A==}
    engines: {node: '>=8'}

  tmp@0.0.33:
    resolution: {integrity: sha512-jRCJlojKnZ3addtTOjdIqoRuPEKBvNXcGYqzO6zWZX8KfKEpnGY5jfggJQ3EjKuu8D4bJRr0y+cYJFmYbImXGw==}
    engines: {node: '>=0.6.0'}

  type-fest@0.21.3:
    resolution: {integrity: sha512-t0rzBq87m3fVcduHDUFhKmyyX+9eo6WQjZvf51Ea/M0Q7+T374Jp1aUiyUl0GKxp8M/OETVHSDvmkyPgvX+X2w==}
    engines: {node: '>=10'}

  undici-types@5.26.5:
    resolution: {integrity: sha512-JlCMO+ehdEIKqlFxk6IfVoAUVmgz7cU7zD/h9XZ0qzeosSHmUJVOzSQvvYSYWXkFXC+IfLKSIffhv0sVZup6pA==}

  wrap-ansi@6.2.0:
    resolution: {integrity: sha512-r6lPcBGxZXlIcymEu7InxDMhdW0KDxpLgoFLcguasxCaJ/SOIZwINatK9KY/tf+ZrlywOKU0UDj3ATXUBfxJXA==}
    engines: {node: '>=8'}

  yoctocolors-cjs@2.1.1:
    resolution: {integrity: sha512-c6T13b6qYcJZvck7QbEFXrFX/Mu2KOjvAGiKHmYMUg96jxNpfP6i+psGW72BOPxOIDUJrORG+Kyu7quMX9CQBQ==}
    engines: {node: '>=18'}

snapshots:

  '@inquirer/checkbox@2.3.8':
    dependencies:
      '@inquirer/core': 9.0.0
      '@inquirer/figures': 1.0.3
      '@inquirer/type': 1.4.0
      ansi-escapes: 4.3.2
      yoctocolors-cjs: 2.1.1

  '@inquirer/confirm@3.1.12':
    dependencies:
      '@inquirer/core': 9.0.0
      '@inquirer/type': 1.4.0

  '@inquirer/core@9.0.0':
    dependencies:
      '@inquirer/figures': 1.0.3
      '@inquirer/type': 1.4.0
      '@types/mute-stream': 0.0.4
      '@types/node': 20.14.9
      '@types/wrap-ansi': 3.0.0
      ansi-escapes: 4.3.2
      cli-spinners: 2.9.2
      cli-width: 4.1.0
      mute-stream: 1.0.0
      signal-exit: 4.1.0
      strip-ansi: 6.0.1
      wrap-ansi: 6.2.0
      yoctocolors-cjs: 2.1.1

  '@inquirer/editor@2.1.12':
    dependencies:
      '@inquirer/core': 9.0.0
      '@inquirer/type': 1.4.0
      external-editor: 3.1.0

  '@inquirer/expand@2.1.12':
    dependencies:
      '@inquirer/core': 9.0.0
      '@inquirer/type': 1.4.0
      yoctocolors-cjs: 2.1.1

  '@inquirer/figures@1.0.3': {}

  '@inquirer/input@2.1.12':
    dependencies:
      '@inquirer/core': 9.0.0
      '@inquirer/type': 1.4.0

  '@inquirer/number@1.0.0':
    dependencies:
      '@inquirer/core': 9.0.0
      '@inquirer/type': 1.4.0

  '@inquirer/password@2.1.12':
    dependencies:
      '@inquirer/core': 9.0.0
      '@inquirer/type': 1.4.0
      ansi-escapes: 4.3.2

  '@inquirer/prompts@5.1.0':
    dependencies:
      '@inquirer/checkbox': 2.3.8
      '@inquirer/confirm': 3.1.12
      '@inquirer/editor': 2.1.12
      '@inquirer/expand': 2.1.12
      '@inquirer/input': 2.1.12
      '@inquirer/number': 1.0.0
      '@inquirer/password': 2.1.12
      '@inquirer/rawlist': 2.1.12
      '@inquirer/select': 2.3.8

  '@inquirer/rawlist@2.1.12':
    dependencies:
      '@inquirer/core': 9.0.0
      '@inquirer/type': 1.4.0
      yoctocolors-cjs: 2.1.1

  '@inquirer/select@2.3.8':
    dependencies:
      '@inquirer/core': 9.0.0
      '@inquirer/figures': 1.0.3
      '@inquirer/type': 1.4.0
      ansi-escapes: 4.3.2
      yoctocolors-cjs: 2.1.1

  '@inquirer/type@1.4.0':
    dependencies:
      mute-stream: 1.0.0

  '@types/mute-stream@0.0.4':
    dependencies:
      '@types/node': 20.14.9

  '@types/node@20.14.9':
    dependencies:
      undici-types: 5.26.5

  '@types/wrap-ansi@3.0.0': {}

  ansi-escapes@4.3.2:
    dependencies:
      type-fest: 0.21.3

  ansi-regex@5.0.1: {}

  ansi-styles@4.3.0:
    dependencies:
      color-convert: 2.0.1

  chardet@0.7.0: {}

  cli-spinners@2.9.2: {}

  cli-width@4.1.0: {}

  color-convert@2.0.1:
    dependencies:
      color-name: 1.1.4

  color-name@1.1.4: {}

  commander@12.1.0: {}

  emoji-regex@8.0.0: {}

  external-editor@3.1.0:
    dependencies:
      chardet: 0.7.0
      iconv-lite: 0.4.24
      tmp: 0.0.33

  iconv-lite@0.4.24:
    dependencies:
      safer-buffer: 2.1.2

  is-fullwidth-code-point@3.0.0: {}

  mute-stream@1.0.0: {}

  os-tmpdir@1.0.2: {}

  safer-buffer@2.1.2: {}

  signal-exit@4.1.0: {}

  string-width@4.2.3:
    dependencies:
      emoji-regex: 8.0.0
      is-fullwidth-code-point: 3.0.0
      strip-ansi: 6.0.1

  strip-ansi@6.0.1:
    dependencies:
      ansi-regex: 5.0.1

  tmp@0.0.33:
    dependencies:
      os-tmpdir: 1.0.2

  type-fest@0.21.3: {}

  undici-types@5.26.5: {}

  wrap-ansi@6.2.0:
    dependencies:
      ansi-styles: 4.3.0
      string-width: 4.2.3
      strip-ansi: 6.0.1

  yoctocolors-cjs@2.1.1: {}
